# This file is automatically @generated by Cargo.
# It is not intended for manual editing.
version = 4

[[package]]
name = "fp-backend"
version = "0.1.0"
dependencies = [
 "fp-core",
 "fp-interpret",
 "fp-typing",
]

[[package]]
name = "fp-bytecode"
version = "0.1.0"
dependencies = [
 "fp-core",
]

[[package]]
name = "fp-core"
version = "0.1.0"

[[package]]
name = "fp-interpret"
version = "0.1.0"
dependencies = [
 "fp-core",
 "fp-native",
 "fp-pipeline",
 "fp-typing",
]

[[package]]
name = "fp-json"
version = "0.0.0"
dependencies = [
 "fp-core",
]

[[package]]
name = "fp-lang"
version = "0.1.0"
dependencies = [
 "fp-backend",
 "fp-core",
]

[[package]]
name = "fp-native"
version = "0.1.0"
dependencies = [
 "fp-core",
]

[[package]]
name = "fp-pipeline"
version = "0.1.0"
dependencies = [
 "fp-core",
]

[[package]]
name = "fp-toml"
version = "0.0.0"
dependencies = [
 "fp-core",
]

[[package]]
name = "fp-typing"
version = "0.1.0"
dependencies = [
 "fp-core",
]

[[package]]
name = "magnet"
version = "0.0.0"
dependencies = [
 "fp-core",
]
